
Microsoft Visual Studio Solution File, Format Version 12.00
# Visual Studio 2012
Project("{8BC9CEB8-8B4A-11D0-8D11-00A0C91BC942}") = "Project3_Samantha_Armstrong", "Project3_Samantha_Armstrong\Project3_Samantha_Armstrong.vcxproj", "{10729D57-4389-451D-9A44-26E55E4F15DC}"
EndProject
Global
	GlobalSection(SolutionConfigurationPlatforms) = preSolution
		Debug|Win32 = Debug|Win32
		Release|Win32 = Release|Win32
	EndGlobalSection
	GlobalSection(ProjectConfigurationPlatforms) = postSolution
		{10729D57-4389-451D-9A44-26E55E4F15DC}.Debug|Win32.ActiveCfg = Debug|Win32
		{10729D57-4389-451D-9A44-26E55E4F15DC}.Debug|Win32.Build.0 = Debug|Win32
		{10729D57-4389-451D-9A44-26E55E4F15DC}.Release|Win32.ActiveCfg = Release|Win32
		{10729D57-4389-451D-9A44-26E55E4F15DC}.Release|Win32.Build.0 = Release|Win32
	EndGlobalSection
	GlobalSection(SolutionProperties) = preSolution
		HideSolutionNode = FALSE
	EndGlobalSection
EndGlobal
